
Microsoft Visual Studio Solution File, Format Version 12.00
# Visual Studio Version 17
VisualStudioVersion = 17.10.35027.167
MinimumVisualStudioVersion = 10.0.40219.1
Project("{FAE04EC0-301F-11D3-BF4B-00C04F79EFBC}") = "TRMDataManager", "TRMDataManager\TRMDataManager.csproj", "{D33F69F5-E7F8-4204-9D3C-C26EA1855430}"
EndProject
Project("{00D1A9C2-B5F0-4AF3-8072-F6C62B433612}") = "TRMData", "TRMData\TRMData.sqlproj", "{368FBDCB-73DF-4869-91C7-175BD2D084D9}"
EndProject
Project("{FAE04EC0-301F-11D3-BF4B-00C04F79EFBC}") = "TRMDesktopUI", "TRMDesktopUI\TRMDesktopUI.csproj", "{E5DD804A-CDAD-4C2F-88F2-CBC04C9B0AF7}"
EndProject
Project("{FAE04EC0-301F-11D3-BF4B-00C04F79EFBC}") = "TRMDataManager.Library", "TRMDataManager.Library\TRMDataManager.Library.csproj", "{3A44C269-49CA-48D3-8331-74F763E20A71}"
EndProject
Project("{FAE04EC0-301F-11D3-BF4B-00C04F79EFBC}") = "TRMDesktopUI.Library", "TRMDesktopUI.Library\TRMDesktopUI.Library.csproj", "{17EAEE75-8537-48D9-8075-CBB228A871BD}"
EndProject
Global
	GlobalSection(SolutionConfigurationPlatforms) = preSolution
		Debug|Any CPU = Debug|Any CPU
		Release|Any CPU = Release|Any CPU
	EndGlobalSection
	GlobalSection(ProjectConfigurationPlatforms) = postSolution
		{D33F69F5-E7F8-4204-9D3C-C26EA1855430}.Debug|Any CPU.ActiveCfg = Debug|Any CPU
		{D33F69F5-E7F8-4204-9D3C-C26EA1855430}.Debug|Any CPU.Build.0 = Debug|Any CPU
		{D33F69F5-E7F8-4204-9D3C-C26EA1855430}.Release|Any CPU.ActiveCfg = Release|Any CPU
		{D33F69F5-E7F8-4204-9D3C-C26EA1855430}.Release|Any CPU.Build.0 = Release|Any CPU
		{368FBDCB-73DF-4869-91C7-175BD2D084D9}.Debug|Any CPU.ActiveCfg = Debug|Any CPU
		{368FBDCB-73DF-4869-91C7-175BD2D084D9}.Debug|Any CPU.Build.0 = Debug|Any CPU
		{368FBDCB-73DF-4869-91C7-175BD2D084D9}.Debug|Any CPU.Deploy.0 = Debug|Any CPU
		{368FBDCB-73DF-4869-91C7-175BD2D084D9}.Release|Any CPU.ActiveCfg = Release|Any CPU
		{368FBDCB-73DF-4869-91C7-175BD2D084D9}.Release|Any CPU.Build.0 = Release|Any CPU
		{368FBDCB-73DF-4869-91C7-175BD2D084D9}.Release|Any CPU.Deploy.0 = Release|Any CPU
		{E5DD804A-CDAD-4C2F-88F2-CBC04C9B0AF7}.Debug|Any CPU.ActiveCfg = Debug|Any CPU
		{E5DD804A-CDAD-4C2F-88F2-CBC04C9B0AF7}.Debug|Any CPU.Build.0 = Debug|Any CPU
		{E5DD804A-CDAD-4C2F-88F2-CBC04C9B0AF7}.Release|Any CPU.ActiveCfg = Release|Any CPU
		{E5DD804A-CDAD-4C2F-88F2-CBC04C9B0AF7}.Release|Any CPU.Build.0 = Release|Any CPU
		{3A44C269-49CA-48D3-8331-74F763E20A71}.Debug|Any CPU.ActiveCfg = Debug|Any CPU
		{3A44C269-49CA-48D3-8331-74F763E20A71}.Debug|Any CPU.Build.0 = Debug|Any CPU
		{3A44C269-49CA-48D3-8331-74F763E20A71}.Release|Any CPU.ActiveCfg = Release|Any CPU
		{3A44C269-49CA-48D3-8331-74F763E20A71}.Release|Any CPU.Build.0 = Release|Any CPU
		{17EAEE75-8537-48D9-8075-CBB228A871BD}.Debug|Any CPU.ActiveCfg = Debug|Any CPU
		{17EAEE75-8537-48D9-8075-CBB228A871BD}.Debug|Any CPU.Build.0 = Debug|Any CPU
		{17EAEE75-8537-48D9-8075-CBB228A871BD}.Release|Any CPU.ActiveCfg = Release|Any CPU
		{17EAEE75-8537-48D9-8075-CBB228A871BD}.Release|Any CPU.Build.0 = Release|Any CPU
	EndGlobalSection
	GlobalSection(SolutionProperties) = preSolution
		HideSolutionNode = FALSE
	EndGlobalSection
	GlobalSection(ExtensibilityGlobals) = postSolution
		SolutionGuid = {D4F72F1B-0A39-428B-9696-FF9AE762864B}
	EndGlobalSection
EndGlobal
