
Microsoft Visual Studio Solution File, Format Version 12.00
# Visual Studio Version 17
VisualStudioVersion = 17.10.35027.167
MinimumVisualStudioVersion = 10.0.40219.1
Project("{FAE04EC0-301F-11D3-BF4B-00C04F79EFBC}") = "TRMDataManager", "TRMDataManager\TRMDataManager.csproj", "{D33F69F5-E7F8-4204-9D3C-C26EA1855430}"
EndProject
Global
	GlobalSection(SolutionConfigurationPlatforms) = preSolution
		Debug|Any CPU = Debug|Any CPU
		Release|Any CPU = Release|Any CPU
	EndGlobalSection
	GlobalSection(ProjectConfigurationPlatforms) = postSolution
		{D33F69F5-E7F8-4204-9D3C-C26EA1855430}.Debug|Any CPU.ActiveCfg = Debug|Any CPU
		{D33F69F5-E7F8-4204-9D3C-C26EA1855430}.Debug|Any CPU.Build.0 = Debug|Any CPU
		{D33F69F5-E7F8-4204-9D3C-C26EA1855430}.Release|Any CPU.ActiveCfg = Release|Any CPU
		{D33F69F5-E7F8-4204-9D3C-C26EA1855430}.Release|Any CPU.Build.0 = Release|Any CPU
	EndGlobalSection
	GlobalSection(SolutionProperties) = preSolution
		HideSolutionNode = FALSE
	EndGlobalSection
	GlobalSection(ExtensibilityGlobals) = postSolution
		SolutionGuid = {D4F72F1B-0A39-428B-9696-FF9AE762864B}
	EndGlobalSection
EndGlobal
